// !$*UTF8*$!
{
	archiveVersion = 1;
	classes = {
	};
	objectVersion = 55;
	objects = {

/* Begin PBXBuildFile section */
		FCD9FCEC28E1915B001968ED /* AppDelegate.swift in Sources */ = {isa = PBXBuildFile; fileRef = FCD9FCEB28E1915B001968ED /* AppDelegate.swift */; };
		FCD9FCEE28E1915B001968ED /* SceneDelegate.swift in Sources */ = {isa = PBXBuildFile; fileRef = FCD9FCED28E1915B001968ED /* SceneDelegate.swift */; };
		FCD9FCF028E1915B001968ED /* MoviesViewController.swift in Sources */ = {isa = PBXBuildFile; fileRef = FCD9FCEF28E1915B001968ED /* MoviesViewController.swift */; };
		FCD9FCF328E1915B001968ED /* Main.storyboard in Resources */ = {isa = PBXBuildFile; fileRef = FCD9FCF128E1915B001968ED /* Main.storyboard */; };
		FCD9FCF528E1915E001968ED /* Assets.xcassets in Resources */ = {isa = PBXBuildFile; fileRef = FCD9FCF428E1915E001968ED /* Assets.xcassets */; };
		FCD9FCF828E1915E001968ED /* LaunchScreen.storyboard in Resources */ = {isa = PBXBuildFile; fileRef = FCD9FCF628E1915E001968ED /* LaunchScreen.storyboard */; };
		FCD9FD1F28E192DF001968ED /* UIViewController+Extension.swift in Sources */ = {isa = PBXBuildFile; fileRef = FCD9FD1E28E192DF001968ED /* UIViewController+Extension.swift */; };
		FCD9FD2128E192FB001968ED /* UIImageView+Extension.swift in Sources */ = {isa = PBXBuildFile; fileRef = FCD9FD2028E192FB001968ED /* UIImageView+Extension.swift */; };
		FCD9FD2328E19315001968ED /* UINavigationController+Extension.swift in Sources */ = {isa = PBXBuildFile; fileRef = FCD9FD2228E19315001968ED /* UINavigationController+Extension.swift */; };
		FCD9FD2528E19330001968ED /* UICollectionViewCell+Extension.swift in Sources */ = {isa = PBXBuildFile; fileRef = FCD9FD2428E19330001968ED /* UICollectionViewCell+Extension.swift */; };
		FCD9FD2728E1934D001968ED /* String+Extension.swift in Sources */ = {isa = PBXBuildFile; fileRef = FCD9FD2628E1934D001968ED /* String+Extension.swift */; };
		FCD9FD2928E1936B001968ED /* CollectionCellDequeueable.swift in Sources */ = {isa = PBXBuildFile; fileRef = FCD9FD2828E1936B001968ED /* CollectionCellDequeueable.swift */; };
		FCD9FD2B28E1937B001968ED /* CollectionCellRegistable.swift in Sources */ = {isa = PBXBuildFile; fileRef = FCD9FD2A28E1937B001968ED /* CollectionCellRegistable.swift */; };
		FCD9FD2D28E19390001968ED /* CellIdentifying.swift in Sources */ = {isa = PBXBuildFile; fileRef = FCD9FD2C28E19390001968ED /* CellIdentifying.swift */; };
		FCD9FD3028E193C3001968ED /* Constants.swift in Sources */ = {isa = PBXBuildFile; fileRef = FCD9FD2F28E193C3001968ED /* Constants.swift */; };
		FCD9FD3228E193D7001968ED /* BaseRouter.swift in Sources */ = {isa = PBXBuildFile; fileRef = FCD9FD3128E193D7001968ED /* BaseRouter.swift */; };
		FCD9FD3428E193F5001968ED /* BaseNetworkService.swift in Sources */ = {isa = PBXBuildFile; fileRef = FCD9FD3328E193F5001968ED /* BaseNetworkService.swift */; };
		FCD9FD3628E19409001968ED /* BaseCollectionViewCell.swift in Sources */ = {isa = PBXBuildFile; fileRef = FCD9FD3528E19409001968ED /* BaseCollectionViewCell.swift */; };
		FCD9FD3828E1941B001968ED /* EndPoint.swift in Sources */ = {isa = PBXBuildFile; fileRef = FCD9FD3728E1941B001968ED /* EndPoint.swift */; };
		FCD9FD3A28E19434001968ED /* DefaultMoviesAssembly.swift in Sources */ = {isa = PBXBuildFile; fileRef = FCD9FD3928E19434001968ED /* DefaultMoviesAssembly.swift */; };
		FCD9FD3C28E19445001968ED /* MoviesAPIService.swift in Sources */ = {isa = PBXBuildFile; fileRef = FCD9FD3B28E19445001968ED /* MoviesAPIService.swift */; };
		FCD9FD3E28E19457001968ED /* DefaultMoviesRouter.swift in Sources */ = {isa = PBXBuildFile; fileRef = FCD9FD3D28E19457001968ED /* DefaultMoviesRouter.swift */; };
		FCD9FD4028E1947E001968ED /* Movies.swift in Sources */ = {isa = PBXBuildFile; fileRef = FCD9FD3F28E1947E001968ED /* Movies.swift */; };
		FCD9FD4328E194C7001968ED /* CollectionViewCell.swift in Sources */ = {isa = PBXBuildFile; fileRef = FCD9FD4128E194C7001968ED /* CollectionViewCell.swift */; };
		FCD9FD4428E194C7001968ED /* CollectionViewCell.xib in Resources */ = {isa = PBXBuildFile; fileRef = FCD9FD4228E194C7001968ED /* CollectionViewCell.xib */; };
		FCD9FD4628E194FD001968ED /* MoviesViewPresenter.swift in Sources */ = {isa = PBXBuildFile; fileRef = FCD9FD4528E194FD001968ED /* MoviesViewPresenter.swift */; };
		FCD9FD4A28E19568001968ED /* Alamofire in Frameworks */ = {isa = PBXBuildFile; productRef = FCD9FD4928E19568001968ED /* Alamofire */; };
		FCD9FD4D28E1957B001968ED /* Kingfisher in Frameworks */ = {isa = PBXBuildFile; productRef = FCD9FD4C28E1957B001968ED /* Kingfisher */; };
		FCD9FD5328E196C7001968ED /* DetailsViewPresenter.swift in Sources */ = {isa = PBXBuildFile; fileRef = FCD9FD5228E196C7001968ED /* DetailsViewPresenter.swift */; };
		FCD9FD5528E196DD001968ED /* DetailsViewController.swift in Sources */ = {isa = PBXBuildFile; fileRef = FCD9FD5428E196DD001968ED /* DetailsViewController.swift */; };
		FCD9FD5728E1A1CF001968ED /* DefaultDetailsAssembly.swift in Sources */ = {isa = PBXBuildFile; fileRef = FCD9FD5628E1A1CF001968ED /* DefaultDetailsAssembly.swift */; };
		FCD9FD5928E1A213001968ED /* DefaultDetailsRouter.swift in Sources */ = {isa = PBXBuildFile; fileRef = FCD9FD5828E1A213001968ED /* DefaultDetailsRouter.swift */; };
		FCD9FD5B28E1A2FB001968ED /* DetailsAPIService.swift in Sources */ = {isa = PBXBuildFile; fileRef = FCD9FD5A28E1A2FB001968ED /* DetailsAPIService.swift */; };
		FCD9FD5D28E1B6BB001968ED /* Details.swift in Sources */ = {isa = PBXBuildFile; fileRef = FCD9FD5C28E1B6BA001968ED /* Details.swift */; };
		FCD9FD6328E31DA4001968ED /* XCDYouTubeKit in Frameworks */ = {isa = PBXBuildFile; productRef = FCD9FD6228E31DA4001968ED /* XCDYouTubeKit */; };
		FCD9FD6628E336EE001968ED /* YouTubePlayerKit in Frameworks */ = {isa = PBXBuildFile; productRef = FCD9FD6528E336EE001968ED /* YouTubePlayerKit */; };
		FCD9FD6828E4438A001968ED /* PosterViewController.swift in Sources */ = {isa = PBXBuildFile; fileRef = FCD9FD6728E4438A001968ED /* PosterViewController.swift */; };
		FCD9FD6D28E44987001968ED /* PosterViewPresenter.swift in Sources */ = {isa = PBXBuildFile; fileRef = FCD9FD6C28E44987001968ED /* PosterViewPresenter.swift */; };
		FCD9FD7128E44A4E001968ED /* DefaultPosterRouter.swift in Sources */ = {isa = PBXBuildFile; fileRef = FCD9FD7028E44A4E001968ED /* DefaultPosterRouter.swift */; };
		FCD9FD7328E44A60001968ED /* DefaultPosterAssembly.swift in Sources */ = {isa = PBXBuildFile; fileRef = FCD9FD7228E44A60001968ED /* DefaultPosterAssembly.swift */; };
/* End PBXBuildFile section */

/* Begin PBXFileReference section */
		FCD9FCE828E1915B001968ED /* Movies.app */ = {isa = PBXFileReference; explicitFileType = wrapper.application; includeInIndex = 0; path = Movies.app; sourceTree = BUILT_PRODUCTS_DIR; };
		FCD9FCEB28E1915B001968ED /* AppDelegate.swift */ = {isa = PBXFileReference; lastKnownFileType = sourcecode.swift; path = AppDelegate.swift; sourceTree = "<group>"; };
		FCD9FCED28E1915B001968ED /* SceneDelegate.swift */ = {isa = PBXFileReference; lastKnownFileType = sourcecode.swift; path = SceneDelegate.swift; sourceTree = "<group>"; };
		FCD9FCEF28E1915B001968ED /* MoviesViewController.swift */ = {isa = PBXFileReference; lastKnownFileType = sourcecode.swift; path = MoviesViewController.swift; sourceTree = "<group>"; };
		FCD9FCF228E1915B001968ED /* Base */ = {isa = PBXFileReference; lastKnownFileType = file.storyboard; name = Base; path = Base.lproj/Main.storyboard; sourceTree = "<group>"; };
		FCD9FCF428E1915E001968ED /* Assets.xcassets */ = {isa = PBXFileReference; lastKnownFileType = folder.assetcatalog; path = Assets.xcassets; sourceTree = "<group>"; };
		FCD9FCF728E1915E001968ED /* Base */ = {isa = PBXFileReference; lastKnownFileType = file.storyboard; name = Base; path = Base.lproj/LaunchScreen.storyboard; sourceTree = "<group>"; };
		FCD9FCF928E1915E001968ED /* Info.plist */ = {isa = PBXFileReference; lastKnownFileType = text.plist.xml; path = Info.plist; sourceTree = "<group>"; };
		FCD9FD1E28E192DF001968ED /* UIViewController+Extension.swift */ = {isa = PBXFileReference; lastKnownFileType = sourcecode.swift; path = "UIViewController+Extension.swift"; sourceTree = "<group>"; };
		FCD9FD2028E192FB001968ED /* UIImageView+Extension.swift */ = {isa = PBXFileReference; lastKnownFileType = sourcecode.swift; path = "UIImageView+Extension.swift"; sourceTree = "<group>"; };
		FCD9FD2228E19315001968ED /* UINavigationController+Extension.swift */ = {isa = PBXFileReference; lastKnownFileType = sourcecode.swift; path = "UINavigationController+Extension.swift"; sourceTree = "<group>"; };
		FCD9FD2428E19330001968ED /* UICollectionViewCell+Extension.swift */ = {isa = PBXFileReference; lastKnownFileType = sourcecode.swift; path = "UICollectionViewCell+Extension.swift"; sourceTree = "<group>"; };
		FCD9FD2628E1934D001968ED /* String+Extension.swift */ = {isa = PBXFileReference; lastKnownFileType = sourcecode.swift; path = "String+Extension.swift"; sourceTree = "<group>"; };
		FCD9FD2828E1936B001968ED /* CollectionCellDequeueable.swift */ = {isa = PBXFileReference; lastKnownFileType = sourcecode.swift; path = CollectionCellDequeueable.swift; sourceTree = "<group>"; };
		FCD9FD2A28E1937B001968ED /* CollectionCellRegistable.swift */ = {isa = PBXFileReference; lastKnownFileType = sourcecode.swift; path = CollectionCellRegistable.swift; sourceTree = "<group>"; };
		FCD9FD2C28E19390001968ED /* CellIdentifying.swift */ = {isa = PBXFileReference; lastKnownFileType = sourcecode.swift; path = CellIdentifying.swift; sourceTree = "<group>"; };
		FCD9FD2F28E193C3001968ED /* Constants.swift */ = {isa = PBXFileReference; lastKnownFileType = sourcecode.swift; path = Constants.swift; sourceTree = "<group>"; };
		FCD9FD3128E193D7001968ED /* BaseRouter.swift */ = {isa = PBXFileReference; lastKnownFileType = sourcecode.swift; path = BaseRouter.swift; sourceTree = "<group>"; };
		FCD9FD3328E193F5001968ED /* BaseNetworkService.swift */ = {isa = PBXFileReference; lastKnownFileType = sourcecode.swift; path = BaseNetworkService.swift; sourceTree = "<group>"; };
		FCD9FD3528E19409001968ED /* BaseCollectionViewCell.swift */ = {isa = PBXFileReference; lastKnownFileType = sourcecode.swift; path = BaseCollectionViewCell.swift; sourceTree = "<group>"; };
		FCD9FD3728E1941B001968ED /* EndPoint.swift */ = {isa = PBXFileReference; lastKnownFileType = sourcecode.swift; path = EndPoint.swift; sourceTree = "<group>"; };
		FCD9FD3928E19434001968ED /* DefaultMoviesAssembly.swift */ = {isa = PBXFileReference; lastKnownFileType = sourcecode.swift; path = DefaultMoviesAssembly.swift; sourceTree = "<group>"; };
		FCD9FD3B28E19445001968ED /* MoviesAPIService.swift */ = {isa = PBXFileReference; lastKnownFileType = sourcecode.swift; path = MoviesAPIService.swift; sourceTree = "<group>"; };
		FCD9FD3D28E19457001968ED /* DefaultMoviesRouter.swift */ = {isa = PBXFileReference; lastKnownFileType = sourcecode.swift; path = DefaultMoviesRouter.swift; sourceTree = "<group>"; };
		FCD9FD3F28E1947E001968ED /* Movies.swift */ = {isa = PBXFileReference; lastKnownFileType = sourcecode.swift; path = Movies.swift; sourceTree = "<group>"; };
		FCD9FD4128E194C7001968ED /* CollectionViewCell.swift */ = {isa = PBXFileReference; lastKnownFileType = sourcecode.swift; path = CollectionViewCell.swift; sourceTree = "<group>"; };
		FCD9FD4228E194C7001968ED /* CollectionViewCell.xib */ = {isa = PBXFileReference; lastKnownFileType = file.xib; path = CollectionViewCell.xib; sourceTree = "<group>"; };
		FCD9FD4528E194FD001968ED /* MoviesViewPresenter.swift */ = {isa = PBXFileReference; lastKnownFileType = sourcecode.swift; path = MoviesViewPresenter.swift; sourceTree = "<group>"; };
		FCD9FD5228E196C7001968ED /* DetailsViewPresenter.swift */ = {isa = PBXFileReference; lastKnownFileType = sourcecode.swift; path = DetailsViewPresenter.swift; sourceTree = "<group>"; };
		FCD9FD5428E196DD001968ED /* DetailsViewController.swift */ = {isa = PBXFileReference; lastKnownFileType = sourcecode.swift; path = DetailsViewController.swift; sourceTree = "<group>"; };
		FCD9FD5628E1A1CF001968ED /* DefaultDetailsAssembly.swift */ = {isa = PBXFileReference; lastKnownFileType = sourcecode.swift; path = DefaultDetailsAssembly.swift; sourceTree = "<group>"; };
		FCD9FD5828E1A213001968ED /* DefaultDetailsRouter.swift */ = {isa = PBXFileReference; lastKnownFileType = sourcecode.swift; path = DefaultDetailsRouter.swift; sourceTree = "<group>"; };
		FCD9FD5A28E1A2FB001968ED /* DetailsAPIService.swift */ = {isa = PBXFileReference; lastKnownFileType = sourcecode.swift; path = DetailsAPIService.swift; sourceTree = "<group>"; };
		FCD9FD5C28E1B6BA001968ED /* Details.swift */ = {isa = PBXFileReference; lastKnownFileType = sourcecode.swift; path = Details.swift; sourceTree = "<group>"; };
		FCD9FD6728E4438A001968ED /* PosterViewController.swift */ = {isa = PBXFileReference; lastKnownFileType = sourcecode.swift; path = PosterViewController.swift; sourceTree = "<group>"; };
		FCD9FD6C28E44987001968ED /* PosterViewPresenter.swift */ = {isa = PBXFileReference; lastKnownFileType = sourcecode.swift; path = PosterViewPresenter.swift; sourceTree = "<group>"; };
		FCD9FD7028E44A4E001968ED /* DefaultPosterRouter.swift */ = {isa = PBXFileReference; lastKnownFileType = sourcecode.swift; path = DefaultPosterRouter.swift; sourceTree = "<group>"; };
		FCD9FD7228E44A60001968ED /* DefaultPosterAssembly.swift */ = {isa = PBXFileReference; lastKnownFileType = sourcecode.swift; path = DefaultPosterAssembly.swift; sourceTree = "<group>"; };
/* End PBXFileReference section */

/* Begin PBXFrameworksBuildPhase section */
		FCD9FCE528E1915B001968ED /* Frameworks */ = {
			isa = PBXFrameworksBuildPhase;
			buildActionMask = 2147483647;
			files = (
				FCD9FD4D28E1957B001968ED /* Kingfisher in Frameworks */,
				FCD9FD4A28E19568001968ED /* Alamofire in Frameworks */,
				FCD9FD6628E336EE001968ED /* YouTubePlayerKit in Frameworks */,
				FCD9FD6328E31DA4001968ED /* XCDYouTubeKit in Frameworks */,
			);
			runOnlyForDeploymentPostprocessing = 0;
		};
/* End PBXFrameworksBuildPhase section */

/* Begin PBXGroup section */
		FCD9FCDF28E1915B001968ED = {
			isa = PBXGroup;
			children = (
				FCD9FCEA28E1915B001968ED /* Movies */,
				FCD9FCE928E1915B001968ED /* Products */,
			);
			sourceTree = "<group>";
		};
		FCD9FCE928E1915B001968ED /* Products */ = {
			isa = PBXGroup;
			children = (
				FCD9FCE828E1915B001968ED /* Movies.app */,
			);
			name = Products;
			sourceTree = "<group>";
		};
		FCD9FCEA28E1915B001968ED /* Movies */ = {
			isa = PBXGroup;
			children = (
				FCD9FD4728E1951B001968ED /* Support */,
				FCD9FD2E28E193B0001968ED /* New Group */,
				FCD9FD1D28E1929E001968ED /* Application */,
				FCD9FD1A28E19276001968ED /* Extensions */,
				FCD9FD1B28E1927F001968ED /* Protocols */,
				FCD9FD1C28E19287001968ED /* BaseServices */,
				FCD9FCFF28E191BB001968ED /* Modules */,
				FCD9FCF928E1915E001968ED /* Info.plist */,
			);
			path = Movies;
			sourceTree = "<group>";
		};
		FCD9FCFF28E191BB001968ED /* Modules */ = {
			isa = PBXGroup;
			children = (
				FCD9FD6928E44951001968ED /* Poster */,
				FCD9FD4E28E19689001968ED /* Details */,
				FCD9FD1528E1924B001968ED /* Movies */,
			);
			path = Modules;
			sourceTree = "<group>";
		};
		FCD9FD1528E1924B001968ED /* Movies */ = {
			isa = PBXGroup;
			children = (
				FCD9FD1928E1926A001968ED /* Model */,
				FCD9FD1828E19262001968ED /* View */,
				FCD9FD1628E19252001968ED /* Presenter */,
				FCD9FD3928E19434001968ED /* DefaultMoviesAssembly.swift */,
				FCD9FD3B28E19445001968ED /* MoviesAPIService.swift */,
				FCD9FD3D28E19457001968ED /* DefaultMoviesRouter.swift */,
			);
			path = Movies;
			sourceTree = "<group>";
		};
		FCD9FD1628E19252001968ED /* Presenter */ = {
			isa = PBXGroup;
			children = (
				FCD9FD4528E194FD001968ED /* MoviesViewPresenter.swift */,
			);
			path = Presenter;
			sourceTree = "<group>";
		};
		FCD9FD1828E19262001968ED /* View */ = {
			isa = PBXGroup;
			children = (
				FCD9FCEF28E1915B001968ED /* MoviesViewController.swift */,
				FCD9FCF128E1915B001968ED /* Main.storyboard */,
				FCD9FD4128E194C7001968ED /* CollectionViewCell.swift */,
				FCD9FD4228E194C7001968ED /* CollectionViewCell.xib */,
			);
			path = View;
			sourceTree = "<group>";
		};
		FCD9FD1928E1926A001968ED /* Model */ = {
			isa = PBXGroup;
			children = (
				FCD9FD3F28E1947E001968ED /* Movies.swift */,
			);
			path = Model;
			sourceTree = "<group>";
		};
		FCD9FD1A28E19276001968ED /* Extensions */ = {
			isa = PBXGroup;
			children = (
				FCD9FD1E28E192DF001968ED /* UIViewController+Extension.swift */,
				FCD9FD2028E192FB001968ED /* UIImageView+Extension.swift */,
				FCD9FD2228E19315001968ED /* UINavigationController+Extension.swift */,
				FCD9FD2428E19330001968ED /* UICollectionViewCell+Extension.swift */,
				FCD9FD2628E1934D001968ED /* String+Extension.swift */,
			);
			path = Extensions;
			sourceTree = "<group>";
		};
		FCD9FD1B28E1927F001968ED /* Protocols */ = {
			isa = PBXGroup;
			children = (
				FCD9FD2828E1936B001968ED /* CollectionCellDequeueable.swift */,
				FCD9FD2A28E1937B001968ED /* CollectionCellRegistable.swift */,
				FCD9FD2C28E19390001968ED /* CellIdentifying.swift */,
			);
			path = Protocols;
			sourceTree = "<group>";
		};
		FCD9FD1C28E19287001968ED /* BaseServices */ = {
			isa = PBXGroup;
			children = (
				FCD9FD2F28E193C3001968ED /* Constants.swift */,
				FCD9FD3128E193D7001968ED /* BaseRouter.swift */,
				FCD9FD3328E193F5001968ED /* BaseNetworkService.swift */,
				FCD9FD3528E19409001968ED /* BaseCollectionViewCell.swift */,
				FCD9FD3728E1941B001968ED /* EndPoint.swift */,
			);
			path = BaseServices;
			sourceTree = "<group>";
		};
		FCD9FD1D28E1929E001968ED /* Application */ = {
			isa = PBXGroup;
			children = (
				FCD9FCED28E1915B001968ED /* SceneDelegate.swift */,
				FCD9FCEB28E1915B001968ED /* AppDelegate.swift */,
			);
			path = Application;
			sourceTree = "<group>";
		};
		FCD9FD2E28E193B0001968ED /* New Group */ = {
			isa = PBXGroup;
			children = (
			);
			path = "New Group";
			sourceTree = "<group>";
		};
		FCD9FD4728E1951B001968ED /* Support */ = {
			isa = PBXGroup;
			children = (
				FCD9FCF428E1915E001968ED /* Assets.xcassets */,
				FCD9FCF628E1915E001968ED /* LaunchScreen.storyboard */,
			);
			path = Support;
			sourceTree = "<group>";
		};
		FCD9FD4E28E19689001968ED /* Details */ = {
			isa = PBXGroup;
			children = (
				FCD9FD5128E1969F001968ED /* Model */,
				FCD9FD5028E19697001968ED /* View */,
				FCD9FD4F28E19690001968ED /* Presenter */,
				FCD9FD5628E1A1CF001968ED /* DefaultDetailsAssembly.swift */,
				FCD9FD5828E1A213001968ED /* DefaultDetailsRouter.swift */,
				FCD9FD5A28E1A2FB001968ED /* DetailsAPIService.swift */,
			);
			path = Details;
			sourceTree = "<group>";
		};
		FCD9FD4F28E19690001968ED /* Presenter */ = {
			isa = PBXGroup;
			children = (
				FCD9FD5228E196C7001968ED /* DetailsViewPresenter.swift */,
			);
			path = Presenter;
			sourceTree = "<group>";
		};
		FCD9FD5028E19697001968ED /* View */ = {
			isa = PBXGroup;
			children = (
				FCD9FD5428E196DD001968ED /* DetailsViewController.swift */,
			);
			path = View;
			sourceTree = "<group>";
		};
		FCD9FD5128E1969F001968ED /* Model */ = {
			isa = PBXGroup;
			children = (
				FCD9FD5C28E1B6BA001968ED /* Details.swift */,
			);
			path = Model;
			sourceTree = "<group>";
		};
		FCD9FD6928E44951001968ED /* Poster */ = {
			isa = PBXGroup;
			children = (
				FCD9FD6B28E4496A001968ED /* View */,
				FCD9FD6A28E4495A001968ED /* Presenter */,
				FCD9FD7028E44A4E001968ED /* DefaultPosterRouter.swift */,
				FCD9FD7228E44A60001968ED /* DefaultPosterAssembly.swift */,
			);
			path = Poster;
			sourceTree = "<group>";
		};
		FCD9FD6A28E4495A001968ED /* Presenter */ = {
			isa = PBXGroup;
			children = (
				FCD9FD6C28E44987001968ED /* PosterViewPresenter.swift */,
			);
			path = Presenter;
			sourceTree = "<group>";
		};
		FCD9FD6B28E4496A001968ED /* View */ = {
			isa = PBXGroup;
			children = (
				FCD9FD6728E4438A001968ED /* PosterViewController.swift */,
			);
			path = View;
			sourceTree = "<group>";
		};
/* End PBXGroup section */

/* Begin PBXNativeTarget section */
		FCD9FCE728E1915B001968ED /* Movies */ = {
			isa = PBXNativeTarget;
			buildConfigurationList = FCD9FCFC28E1915E001968ED /* Build configuration list for PBXNativeTarget "Movies" */;
			buildPhases = (
				FCD9FCE428E1915B001968ED /* Sources */,
				FCD9FCE528E1915B001968ED /* Frameworks */,
				FCD9FCE628E1915B001968ED /* Resources */,
			);
			buildRules = (
			);
			dependencies = (
			);
			name = Movies;
			packageProductDependencies = (
				FCD9FD4928E19568001968ED /* Alamofire */,
				FCD9FD4C28E1957B001968ED /* Kingfisher */,
				FCD9FD6228E31DA4001968ED /* XCDYouTubeKit */,
				FCD9FD6528E336EE001968ED /* YouTubePlayerKit */,
			);
			productName = Movies;
			productReference = FCD9FCE828E1915B001968ED /* Movies.app */;
			productType = "com.apple.product-type.application";
		};
/* End PBXNativeTarget section */

/* Begin PBXProject section */
		FCD9FCE028E1915B001968ED /* Project object */ = {
			isa = PBXProject;
			attributes = {
				BuildIndependentTargetsInParallel = 1;
				LastSwiftUpdateCheck = 1340;
				LastUpgradeCheck = 1340;
				TargetAttributes = {
					FCD9FCE728E1915B001968ED = {
						CreatedOnToolsVersion = 13.4.1;
					};
				};
			};
			buildConfigurationList = FCD9FCE328E1915B001968ED /* Build configuration list for PBXProject "Movies" */;
			compatibilityVersion = "Xcode 13.0";
			developmentRegion = en;
			hasScannedForEncodings = 0;
			knownRegions = (
				en,
				Base,
			);
			mainGroup = FCD9FCDF28E1915B001968ED;
			packageReferences = (
				FCD9FD4828E19568001968ED /* XCRemoteSwiftPackageReference "Alamofire" */,
				FCD9FD4B28E1957B001968ED /* XCRemoteSwiftPackageReference "Kingfisher" */,
				FCD9FD6128E31DA4001968ED /* XCRemoteSwiftPackageReference "XCDYouTubeKit" */,
				FCD9FD6428E336EE001968ED /* XCRemoteSwiftPackageReference "YouTubePlayerKit" */,
			);
			productRefGroup = FCD9FCE928E1915B001968ED /* Products */;
			projectDirPath = "";
			projectRoot = "";
			targets = (
				FCD9FCE728E1915B001968ED /* Movies */,
			);
		};
/* End PBXProject section */

/* Begin PBXResourcesBuildPhase section */
		FCD9FCE628E1915B001968ED /* Resources */ = {
			isa = PBXResourcesBuildPhase;
			buildActionMask = 2147483647;
			files = (
				FCD9FCF828E1915E001968ED /* LaunchScreen.storyboard in Resources */,
				FCD9FCF528E1915E001968ED /* Assets.xcassets in Resources */,
				FCD9FD4428E194C7001968ED /* CollectionViewCell.xib in Resources */,
				FCD9FCF328E1915B001968ED /* Main.storyboard in Resources */,
			);
			runOnlyForDeploymentPostprocessing = 0;
		};
/* End PBXResourcesBuildPhase section */

/* Begin PBXSourcesBuildPhase section */
		FCD9FCE428E1915B001968ED /* Sources */ = {
			isa = PBXSourcesBuildPhase;
			buildActionMask = 2147483647;
			files = (
				FCD9FD3E28E19457001968ED /* DefaultMoviesRouter.swift in Sources */,
				FCD9FD2728E1934D001968ED /* String+Extension.swift in Sources */,
				FCD9FD2D28E19390001968ED /* CellIdentifying.swift in Sources */,
				FCD9FD2B28E1937B001968ED /* CollectionCellRegistable.swift in Sources */,
				FCD9FD3428E193F5001968ED /* BaseNetworkService.swift in Sources */,
				FCD9FD5928E1A213001968ED /* DefaultDetailsRouter.swift in Sources */,
				FCD9FD2128E192FB001968ED /* UIImageView+Extension.swift in Sources */,
				FCD9FD5D28E1B6BB001968ED /* Details.swift in Sources */,
				FCD9FD4628E194FD001968ED /* MoviesViewPresenter.swift in Sources */,
				FCD9FD5B28E1A2FB001968ED /* DetailsAPIService.swift in Sources */,
				FCD9FD3628E19409001968ED /* BaseCollectionViewCell.swift in Sources */,
				FCD9FD6828E4438A001968ED /* PosterViewController.swift in Sources */,
				FCD9FD1F28E192DF001968ED /* UIViewController+Extension.swift in Sources */,
				FCD9FD2528E19330001968ED /* UICollectionViewCell+Extension.swift in Sources */,
				FCD9FCF028E1915B001968ED /* MoviesViewController.swift in Sources */,
				FCD9FD7328E44A60001968ED /* DefaultPosterAssembly.swift in Sources */,
				FCD9FD5528E196DD001968ED /* DetailsViewController.swift in Sources */,
				FCD9FD3C28E19445001968ED /* MoviesAPIService.swift in Sources */,
				FCD9FD3228E193D7001968ED /* BaseRouter.swift in Sources */,
				FCD9FD3A28E19434001968ED /* DefaultMoviesAssembly.swift in Sources */,
				FCD9FD5728E1A1CF001968ED /* DefaultDetailsAssembly.swift in Sources */,
				FCD9FD5328E196C7001968ED /* DetailsViewPresenter.swift in Sources */,
				FCD9FD3828E1941B001968ED /* EndPoint.swift in Sources */,
				FCD9FD2928E1936B001968ED /* CollectionCellDequeueable.swift in Sources */,
				FCD9FD7128E44A4E001968ED /* DefaultPosterRouter.swift in Sources */,
				FCD9FD4028E1947E001968ED /* Movies.swift in Sources */,
				FCD9FCEC28E1915B001968ED /* AppDelegate.swift in Sources */,
				FCD9FD4328E194C7001968ED /* CollectionViewCell.swift in Sources */,
				FCD9FCEE28E1915B001968ED /* SceneDelegate.swift in Sources */,
				FCD9FD2328E19315001968ED /* UINavigationController+Extension.swift in Sources */,
				FCD9FD6D28E44987001968ED /* PosterViewPresenter.swift in Sources */,
				FCD9FD3028E193C3001968ED /* Constants.swift in Sources */,
			);
			runOnlyForDeploymentPostprocessing = 0;
		};
/* End PBXSourcesBuildPhase section */

/* Begin PBXVariantGroup section */
		FCD9FCF128E1915B001968ED /* Main.storyboard */ = {
			isa = PBXVariantGroup;
			children = (
				FCD9FCF228E1915B001968ED /* Base */,
			);
			name = Main.storyboard;
			sourceTree = "<group>";
		};
		FCD9FCF628E1915E001968ED /* LaunchScreen.storyboard */ = {
			isa = PBXVariantGroup;
			children = (
				FCD9FCF728E1915E001968ED /* Base */,
			);
			name = LaunchScreen.storyboard;
			sourceTree = "<group>";
		};
/* End PBXVariantGroup section */

/* Begin XCBuildConfiguration section */
		FCD9FCFA28E1915E001968ED /* Debug */ = {
			isa = XCBuildConfiguration;
			buildSettings = {
				ALWAYS_SEARCH_USER_PATHS = NO;
				CLANG_ANALYZER_NONNULL = YES;
				CLANG_ANALYZER_NUMBER_OBJECT_CONVERSION = YES_AGGRESSIVE;
				CLANG_CXX_LANGUAGE_STANDARD = "gnu++17";
				CLANG_ENABLE_MODULES = YES;
				CLANG_ENABLE_OBJC_ARC = YES;
				CLANG_ENABLE_OBJC_WEAK = YES;
				CLANG_WARN_BLOCK_CAPTURE_AUTORELEASING = YES;
				CLANG_WARN_BOOL_CONVERSION = YES;
				CLANG_WARN_COMMA = YES;
				CLANG_WARN_CONSTANT_CONVERSION = YES;
				CLANG_WARN_DEPRECATED_OBJC_IMPLEMENTATIONS = YES;
				CLANG_WARN_DIRECT_OBJC_ISA_USAGE = YES_ERROR;
				CLANG_WARN_DOCUMENTATION_COMMENTS = YES;
				CLANG_WARN_EMPTY_BODY = YES;
				CLANG_WARN_ENUM_CONVERSION = YES;
				CLANG_WARN_INFINITE_RECURSION = YES;
				CLANG_WARN_INT_CONVERSION = YES;
				CLANG_WARN_NON_LITERAL_NULL_CONVERSION = YES;
				CLANG_WARN_OBJC_IMPLICIT_RETAIN_SELF = YES;
				CLANG_WARN_OBJC_LITERAL_CONVERSION = YES;
				CLANG_WARN_OBJC_ROOT_CLASS = YES_ERROR;
				CLANG_WARN_QUOTED_INCLUDE_IN_FRAMEWORK_HEADER = YES;
				CLANG_WARN_RANGE_LOOP_ANALYSIS = YES;
				CLANG_WARN_STRICT_PROTOTYPES = YES;
				CLANG_WARN_SUSPICIOUS_MOVE = YES;
				CLANG_WARN_UNGUARDED_AVAILABILITY = YES_AGGRESSIVE;
				CLANG_WARN_UNREACHABLE_CODE = YES;
				CLANG_WARN__DUPLICATE_METHOD_MATCH = YES;
				COPY_PHASE_STRIP = NO;
				DEBUG_INFORMATION_FORMAT = dwarf;
				ENABLE_STRICT_OBJC_MSGSEND = YES;
				ENABLE_TESTABILITY = YES;
				GCC_C_LANGUAGE_STANDARD = gnu11;
				GCC_DYNAMIC_NO_PIC = NO;
				GCC_NO_COMMON_BLOCKS = YES;
				GCC_OPTIMIZATION_LEVEL = 0;
				GCC_PREPROCESSOR_DEFINITIONS = (
					"DEBUG=1",
					"$(inherited)",
				);
				GCC_WARN_64_TO_32_BIT_CONVERSION = YES;
				GCC_WARN_ABOUT_RETURN_TYPE = YES_ERROR;
				GCC_WARN_UNDECLARED_SELECTOR = YES;
				GCC_WARN_UNINITIALIZED_AUTOS = YES_AGGRESSIVE;
				GCC_WARN_UNUSED_FUNCTION = YES;
				GCC_WARN_UNUSED_VARIABLE = YES;
				IPHONEOS_DEPLOYMENT_TARGET = 15.5;
				MTL_ENABLE_DEBUG_INFO = INCLUDE_SOURCE;
				MTL_FAST_MATH = YES;
				ONLY_ACTIVE_ARCH = YES;
				SDKROOT = iphoneos;
				SWIFT_ACTIVE_COMPILATION_CONDITIONS = DEBUG;
				SWIFT_OPTIMIZATION_LEVEL = "-Onone";
			};
			name = Debug;
		};
		FCD9FCFB28E1915E001968ED /* Release */ = {
			isa = XCBuildConfiguration;
			buildSettings = {
				ALWAYS_SEARCH_USER_PATHS = NO;
				CLANG_ANALYZER_NONNULL = YES;
				CLANG_ANALYZER_NUMBER_OBJECT_CONVERSION = YES_AGGRESSIVE;
				CLANG_CXX_LANGUAGE_STANDARD = "gnu++17";
				CLANG_ENABLE_MODULES = YES;
				CLANG_ENABLE_OBJC_ARC = YES;
				CLANG_ENABLE_OBJC_WEAK = YES;
				CLANG_WARN_BLOCK_CAPTURE_AUTORELEASING = YES;
				CLANG_WARN_BOOL_CONVERSION = YES;
				CLANG_WARN_COMMA = YES;
				CLANG_WARN_CONSTANT_CONVERSION = YES;
				CLANG_WARN_DEPRECATED_OBJC_IMPLEMENTATIONS = YES;
				CLANG_WARN_DIRECT_OBJC_ISA_USAGE = YES_ERROR;
				CLANG_WARN_DOCUMENTATION_COMMENTS = YES;
				CLANG_WARN_EMPTY_BODY = YES;
				CLANG_WARN_ENUM_CONVERSION = YES;
				CLANG_WARN_INFINITE_RECURSION = YES;
				CLANG_WARN_INT_CONVERSION = YES;
				CLANG_WARN_NON_LITERAL_NULL_CONVERSION = YES;
				CLANG_WARN_OBJC_IMPLICIT_RETAIN_SELF = YES;
				CLANG_WARN_OBJC_LITERAL_CONVERSION = YES;
				CLANG_WARN_OBJC_ROOT_CLASS = YES_ERROR;
				CLANG_WARN_QUOTED_INCLUDE_IN_FRAMEWORK_HEADER = YES;
				CLANG_WARN_RANGE_LOOP_ANALYSIS = YES;
				CLANG_WARN_STRICT_PROTOTYPES = YES;
				CLANG_WARN_SUSPICIOUS_MOVE = YES;
				CLANG_WARN_UNGUARDED_AVAILABILITY = YES_AGGRESSIVE;
				CLANG_WARN_UNREACHABLE_CODE = YES;
				CLANG_WARN__DUPLICATE_METHOD_MATCH = YES;
				COPY_PHASE_STRIP = NO;
				DEBUG_INFORMATION_FORMAT = "dwarf-with-dsym";
				ENABLE_NS_ASSERTIONS = NO;
				ENABLE_STRICT_OBJC_MSGSEND = YES;
				GCC_C_LANGUAGE_STANDARD = gnu11;
				GCC_NO_COMMON_BLOCKS = YES;
				GCC_WARN_64_TO_32_BIT_CONVERSION = YES;
				GCC_WARN_ABOUT_RETURN_TYPE = YES_ERROR;
				GCC_WARN_UNDECLARED_SELECTOR = YES;
				GCC_WARN_UNINITIALIZED_AUTOS = YES_AGGRESSIVE;
				GCC_WARN_UNUSED_FUNCTION = YES;
				GCC_WARN_UNUSED_VARIABLE = YES;
				IPHONEOS_DEPLOYMENT_TARGET = 15.5;
				MTL_ENABLE_DEBUG_INFO = NO;
				MTL_FAST_MATH = YES;
				SDKROOT = iphoneos;
				SWIFT_COMPILATION_MODE = wholemodule;
				SWIFT_OPTIMIZATION_LEVEL = "-O";
				VALIDATE_PRODUCT = YES;
			};
			name = Release;
		};
		FCD9FCFD28E1915E001968ED /* Debug */ = {
			isa = XCBuildConfiguration;
			buildSettings = {
				ASSETCATALOG_COMPILER_APPICON_NAME = AppIcon;
				ASSETCATALOG_COMPILER_GLOBAL_ACCENT_COLOR_NAME = AccentColor;
				CODE_SIGN_STYLE = Automatic;
				CURRENT_PROJECT_VERSION = 1;
				DEVELOPMENT_TEAM = C5PN73MFP3;
				GENERATE_INFOPLIST_FILE = YES;
				INFOPLIST_FILE = Movies/Info.plist;
				INFOPLIST_KEY_UIApplicationSupportsIndirectInputEvents = YES;
				INFOPLIST_KEY_UILaunchStoryboardName = LaunchScreen;
				INFOPLIST_KEY_UIMainStoryboardFile = Main;
				INFOPLIST_KEY_UISupportedInterfaceOrientations = UIInterfaceOrientationPortrait;
				INFOPLIST_KEY_UISupportedInterfaceOrientations_iPad = "UIInterfaceOrientationPortrait UIInterfaceOrientationPortraitUpsideDown UIInterfaceOrientationLandscapeLeft UIInterfaceOrientationLandscapeRight";
				INFOPLIST_KEY_UISupportedInterfaceOrientations_iPhone = "UIInterfaceOrientationPortrait UIInterfaceOrientationLandscapeLeft UIInterfaceOrientationLandscapeRight";
				IPHONEOS_DEPLOYMENT_TARGET = 14.0;
				LD_RUNPATH_SEARCH_PATHS = (
					"$(inherited)",
					"@executable_path/Frameworks",
				);
				MARKETING_VERSION = 1.0;
				PRODUCT_BUNDLE_IDENTIFIER = com.IM88.Movies;
				PRODUCT_NAME = "$(TARGET_NAME)";
				SWIFT_EMIT_LOC_STRINGS = YES;
				SWIFT_VERSION = 5.0;
				TARGETED_DEVICE_FAMILY = "1,2";
			};
			name = Debug;
		};
		FCD9FCFE28E1915E001968ED /* Release */ = {
			isa = XCBuildConfiguration;
			buildSettings = {
				ASSETCATALOG_COMPILER_APPICON_NAME = AppIcon;
				ASSETCATALOG_COMPILER_GLOBAL_ACCENT_COLOR_NAME = AccentColor;
				CODE_SIGN_STYLE = Automatic;
				CURRENT_PROJECT_VERSION = 1;
				DEVELOPMENT_TEAM = C5PN73MFP3;
				GENERATE_INFOPLIST_FILE = YES;
				INFOPLIST_FILE = Movies/Info.plist;
				INFOPLIST_KEY_UIApplicationSupportsIndirectInputEvents = YES;
				INFOPLIST_KEY_UILaunchStoryboardName = LaunchScreen;
				INFOPLIST_KEY_UIMainStoryboardFile = Main;
				INFOPLIST_KEY_UISupportedInterfaceOrientations = UIInterfaceOrientationPortrait;
				INFOPLIST_KEY_UISupportedInterfaceOrientations_iPad = "UIInterfaceOrientationPortrait UIInterfaceOrientationPortraitUpsideDown UIInterfaceOrientationLandscapeLeft UIInterfaceOrientationLandscapeRight";
				INFOPLIST_KEY_UISupportedInterfaceOrientations_iPhone = "UIInterfaceOrientationPortrait UIInterfaceOrientationLandscapeLeft UIInterfaceOrientationLandscapeRight";
				IPHONEOS_DEPLOYMENT_TARGET = 14.0;
				LD_RUNPATH_SEARCH_PATHS = (
					"$(inherited)",
					"@executable_path/Frameworks",
				);
				MARKETING_VERSION = 1.0;
				PRODUCT_BUNDLE_IDENTIFIER = com.IM88.Movies;
				PRODUCT_NAME = "$(TARGET_NAME)";
				SWIFT_EMIT_LOC_STRINGS = YES;
				SWIFT_VERSION = 5.0;
				TARGETED_DEVICE_FAMILY = "1,2";
			};
			name = Release;
		};
/* End XCBuildConfiguration section */

/* Begin XCConfigurationList section */
		FCD9FCE328E1915B001968ED /* Build configuration list for PBXProject "Movies" */ = {
			isa = XCConfigurationList;
			buildConfigurations = (
				FCD9FCFA28E1915E001968ED /* Debug */,
				FCD9FCFB28E1915E001968ED /* Release */,
			);
			defaultConfigurationIsVisible = 0;
			defaultConfigurationName = Release;
		};
		FCD9FCFC28E1915E001968ED /* Build configuration list for PBXNativeTarget "Movies" */ = {
			isa = XCConfigurationList;
			buildConfigurations = (
				FCD9FCFD28E1915E001968ED /* Debug */,
				FCD9FCFE28E1915E001968ED /* Release */,
			);
			defaultConfigurationIsVisible = 0;
			defaultConfigurationName = Release;
		};
/* End XCConfigurationList section */

/* Begin XCRemoteSwiftPackageReference section */
		FCD9FD4828E19568001968ED /* XCRemoteSwiftPackageReference "Alamofire" */ = {
			isa = XCRemoteSwiftPackageReference;
			repositoryURL = "https://github.com/Alamofire/Alamofire.git";
			requirement = {
				kind = upToNextMajorVersion;
				minimumVersion = 5.0.0;
			};
		};
		FCD9FD4B28E1957B001968ED /* XCRemoteSwiftPackageReference "Kingfisher" */ = {
			isa = XCRemoteSwiftPackageReference;
			repositoryURL = "https://github.com/onevcat/Kingfisher.git";
			requirement = {
				kind = upToNextMajorVersion;
				minimumVersion = 7.0.0;
			};
		};
		FCD9FD6128E31DA4001968ED /* XCRemoteSwiftPackageReference "XCDYouTubeKit" */ = {
			isa = XCRemoteSwiftPackageReference;
			repositoryURL = "https://github.com/0xced/XCDYouTubeKit.git";
			requirement = {
				kind = upToNextMajorVersion;
				minimumVersion = 2.0.0;
			};
		};
		FCD9FD6428E336EE001968ED /* XCRemoteSwiftPackageReference "YouTubePlayerKit" */ = {
			isa = XCRemoteSwiftPackageReference;
			repositoryURL = "https://github.com/SvenTiigi/YouTubePlayerKit";
			requirement = {
				kind = upToNextMajorVersion;
				minimumVersion = 1.0.0;
			};
		};
/* End XCRemoteSwiftPackageReference section */

/* Begin XCSwiftPackageProductDependency section */
		FCD9FD4928E19568001968ED /* Alamofire */ = {
			isa = XCSwiftPackageProductDependency;
			package = FCD9FD4828E19568001968ED /* XCRemoteSwiftPackageReference "Alamofire" */;
			productName = Alamofire;
		};
		FCD9FD4C28E1957B001968ED /* Kingfisher */ = {
			isa = XCSwiftPackageProductDependency;
			package = FCD9FD4B28E1957B001968ED /* XCRemoteSwiftPackageReference "Kingfisher" */;
			productName = Kingfisher;
		};
		FCD9FD6228E31DA4001968ED /* XCDYouTubeKit */ = {
			isa = XCSwiftPackageProductDependency;
			package = FCD9FD6128E31DA4001968ED /* XCRemoteSwiftPackageReference "XCDYouTubeKit" */;
			productName = XCDYouTubeKit;
		};
		FCD9FD6528E336EE001968ED /* YouTubePlayerKit */ = {
			isa = XCSwiftPackageProductDependency;
			package = FCD9FD6428E336EE001968ED /* XCRemoteSwiftPackageReference "YouTubePlayerKit" */;
			productName = YouTubePlayerKit;
		};
/* End XCSwiftPackageProductDependency section */
	};
	rootObject = FCD9FCE028E1915B001968ED /* Project object */;
}
